
Microsoft Visual Studio Solution File, Format Version 12.00
# Visual Studio Version 16
VisualStudioVersion = 16.0.31005.135
MinimumVisualStudioVersion = 10.0.40219.1
Project("{9A19103F-16F7-4668-BE54-9A1E7A4F7556}") = "CarPool", "CarPool.csproj", "{11ACF1D1-4F7A-4595-BDE2-DF1F5A23061A}"
EndProject
Global
	GlobalSection(SolutionConfigurationPlatforms) = preSolution
		Debug|Any CPU = Debug|Any CPU
		Release|Any CPU = Release|Any CPU
	EndGlobalSection
	GlobalSection(ProjectConfigurationPlatforms) = postSolution
		{11ACF1D1-4F7A-4595-BDE2-DF1F5A23061A}.Debug|Any CPU.ActiveCfg = Debug|Any CPU
		{11ACF1D1-4F7A-4595-BDE2-DF1F5A23061A}.Debug|Any CPU.Build.0 = Debug|Any CPU
		{11ACF1D1-4F7A-4595-BDE2-DF1F5A23061A}.Release|Any CPU.ActiveCfg = Release|Any CPU
		{11ACF1D1-4F7A-4595-BDE2-DF1F5A23061A}.Release|Any CPU.Build.0 = Release|Any CPU
	EndGlobalSection
	GlobalSection(SolutionProperties) = preSolution
		HideSolutionNode = FALSE
	EndGlobalSection
	GlobalSection(ExtensibilityGlobals) = postSolution
		SolutionGuid = {2438ECC6-880F-4090-87CF-7E2287993A3D}
	EndGlobalSection
EndGlobal
